
Microsoft Visual Studio Solution File, Format Version 12.00
# Visual Studio Version 17
VisualStudioVersion = 17.2.32630.192
MinimumVisualStudioVersion = 10.0.40219.1
Project("{2150E333-8FDC-42A3-9474-1A3956D46DE8}") = "app_src", "app_src", "{85EFA55B-45B3-4EA7-8D3A-66E39AC7AEFE}"
EndProject
Project("{9A19103F-16F7-4668-BE54-9A1E7A4F7556}") = "ids4", "app_src\ids4\ids4.csproj", "{BE9B2DD9-DA80-416D-90AB-1E30281131A8}"
EndProject
Project("{9A19103F-16F7-4668-BE54-9A1E7A4F7556}") = "MvcClient", "app_src\MvcClient\MvcClient.csproj", "{47798153-09F0-4302-A048-C337CD0031D8}"
EndProject
Project("{9A19103F-16F7-4668-BE54-9A1E7A4F7556}") = "MvcLib", "app_src\MvcLib\MvcLib.csproj", "{A24B36F2-776D-4814-B972-480AA367F843}"
EndProject
Project("{9A19103F-16F7-4668-BE54-9A1E7A4F7556}") = "TestProj", "TestProj\TestProj.csproj", "{B2275D15-E396-40BC-8662-216431C031AE}"
EndProject
Global
	GlobalSection(SolutionConfigurationPlatforms) = preSolution
		Debug|Any CPU = Debug|Any CPU
		Debug|x64 = Debug|x64
		Debug|x86 = Debug|x86
		Release|Any CPU = Release|Any CPU
		Release|x64 = Release|x64
		Release|x86 = Release|x86
	EndGlobalSection
	GlobalSection(ProjectConfigurationPlatforms) = postSolution
		{BE9B2DD9-DA80-416D-90AB-1E30281131A8}.Debug|Any CPU.ActiveCfg = Debug|Any CPU
		{BE9B2DD9-DA80-416D-90AB-1E30281131A8}.Debug|Any CPU.Build.0 = Debug|Any CPU
		{BE9B2DD9-DA80-416D-90AB-1E30281131A8}.Debug|x64.ActiveCfg = Debug|Any CPU
		{BE9B2DD9-DA80-416D-90AB-1E30281131A8}.Debug|x64.Build.0 = Debug|Any CPU
		{BE9B2DD9-DA80-416D-90AB-1E30281131A8}.Debug|x86.ActiveCfg = Debug|Any CPU
		{BE9B2DD9-DA80-416D-90AB-1E30281131A8}.Debug|x86.Build.0 = Debug|Any CPU
		{BE9B2DD9-DA80-416D-90AB-1E30281131A8}.Release|Any CPU.ActiveCfg = Release|Any CPU
		{BE9B2DD9-DA80-416D-90AB-1E30281131A8}.Release|Any CPU.Build.0 = Release|Any CPU
		{BE9B2DD9-DA80-416D-90AB-1E30281131A8}.Release|x64.ActiveCfg = Release|Any CPU
		{BE9B2DD9-DA80-416D-90AB-1E30281131A8}.Release|x64.Build.0 = Release|Any CPU
		{BE9B2DD9-DA80-416D-90AB-1E30281131A8}.Release|x86.ActiveCfg = Release|Any CPU
		{BE9B2DD9-DA80-416D-90AB-1E30281131A8}.Release|x86.Build.0 = Release|Any CPU
		{47798153-09F0-4302-A048-C337CD0031D8}.Debug|Any CPU.ActiveCfg = Debug|Any CPU
		{47798153-09F0-4302-A048-C337CD0031D8}.Debug|Any CPU.Build.0 = Debug|Any CPU
		{47798153-09F0-4302-A048-C337CD0031D8}.Debug|x64.ActiveCfg = Debug|Any CPU
		{47798153-09F0-4302-A048-C337CD0031D8}.Debug|x64.Build.0 = Debug|Any CPU
		{47798153-09F0-4302-A048-C337CD0031D8}.Debug|x86.ActiveCfg = Debug|Any CPU
		{47798153-09F0-4302-A048-C337CD0031D8}.Debug|x86.Build.0 = Debug|Any CPU
		{47798153-09F0-4302-A048-C337CD0031D8}.Release|Any CPU.ActiveCfg = Release|Any CPU
		{47798153-09F0-4302-A048-C337CD0031D8}.Release|Any CPU.Build.0 = Release|Any CPU
		{47798153-09F0-4302-A048-C337CD0031D8}.Release|x64.ActiveCfg = Release|Any CPU
		{47798153-09F0-4302-A048-C337CD0031D8}.Release|x64.Build.0 = Release|Any CPU
		{47798153-09F0-4302-A048-C337CD0031D8}.Release|x86.ActiveCfg = Release|Any CPU
		{47798153-09F0-4302-A048-C337CD0031D8}.Release|x86.Build.0 = Release|Any CPU
		{A24B36F2-776D-4814-B972-480AA367F843}.Debug|Any CPU.ActiveCfg = Debug|Any CPU
		{A24B36F2-776D-4814-B972-480AA367F843}.Debug|Any CPU.Build.0 = Debug|Any CPU
		{A24B36F2-776D-4814-B972-480AA367F843}.Debug|x64.ActiveCfg = Debug|Any CPU
		{A24B36F2-776D-4814-B972-480AA367F843}.Debug|x64.Build.0 = Debug|Any CPU
		{A24B36F2-776D-4814-B972-480AA367F843}.Debug|x86.ActiveCfg = Debug|Any CPU
		{A24B36F2-776D-4814-B972-480AA367F843}.Debug|x86.Build.0 = Debug|Any CPU
		{A24B36F2-776D-4814-B972-480AA367F843}.Release|Any CPU.ActiveCfg = Release|Any CPU
		{A24B36F2-776D-4814-B972-480AA367F843}.Release|Any CPU.Build.0 = Release|Any CPU
		{A24B36F2-776D-4814-B972-480AA367F843}.Release|x64.ActiveCfg = Release|Any CPU
		{A24B36F2-776D-4814-B972-480AA367F843}.Release|x64.Build.0 = Release|Any CPU
		{A24B36F2-776D-4814-B972-480AA367F843}.Release|x86.ActiveCfg = Release|Any CPU
		{A24B36F2-776D-4814-B972-480AA367F843}.Release|x86.Build.0 = Release|Any CPU
		{B2275D15-E396-40BC-8662-216431C031AE}.Debug|Any CPU.ActiveCfg = Debug|Any CPU
		{B2275D15-E396-40BC-8662-216431C031AE}.Debug|Any CPU.Build.0 = Debug|Any CPU
		{B2275D15-E396-40BC-8662-216431C031AE}.Debug|x64.ActiveCfg = Debug|Any CPU
		{B2275D15-E396-40BC-8662-216431C031AE}.Debug|x64.Build.0 = Debug|Any CPU
		{B2275D15-E396-40BC-8662-216431C031AE}.Debug|x86.ActiveCfg = Debug|Any CPU
		{B2275D15-E396-40BC-8662-216431C031AE}.Debug|x86.Build.0 = Debug|Any CPU
		{B2275D15-E396-40BC-8662-216431C031AE}.Release|Any CPU.ActiveCfg = Release|Any CPU
		{B2275D15-E396-40BC-8662-216431C031AE}.Release|Any CPU.Build.0 = Release|Any CPU
		{B2275D15-E396-40BC-8662-216431C031AE}.Release|x64.ActiveCfg = Release|Any CPU
		{B2275D15-E396-40BC-8662-216431C031AE}.Release|x64.Build.0 = Release|Any CPU
		{B2275D15-E396-40BC-8662-216431C031AE}.Release|x86.ActiveCfg = Release|Any CPU
		{B2275D15-E396-40BC-8662-216431C031AE}.Release|x86.Build.0 = Release|Any CPU
	EndGlobalSection
	GlobalSection(SolutionProperties) = preSolution
		HideSolutionNode = FALSE
	EndGlobalSection
	GlobalSection(NestedProjects) = preSolution
		{BE9B2DD9-DA80-416D-90AB-1E30281131A8} = {85EFA55B-45B3-4EA7-8D3A-66E39AC7AEFE}
		{47798153-09F0-4302-A048-C337CD0031D8} = {85EFA55B-45B3-4EA7-8D3A-66E39AC7AEFE}
		{A24B36F2-776D-4814-B972-480AA367F843} = {85EFA55B-45B3-4EA7-8D3A-66E39AC7AEFE}
		{B2275D15-E396-40BC-8662-216431C031AE} = {85EFA55B-45B3-4EA7-8D3A-66E39AC7AEFE}
	EndGlobalSection
	GlobalSection(ExtensibilityGlobals) = postSolution
		VisualSVNWorkingCopyRoot = .
		SolutionGuid = {891CFE7F-BE93-412F-8764-0CE71498B722}
	EndGlobalSection
EndGlobal
